
Microsoft Visual Studio Solution File, Format Version 12.00
# Visual Studio Version 16
VisualStudioVersion = 16.0.30413.136
MinimumVisualStudioVersion = 10.0.40219.1
Project("{9A19103F-16F7-4668-BE54-9A1E7A4F7556}") = "EnumerableCollections.Tests", "EnumerableCollections.Tests\EnumerableCollections.Tests.csproj", "{DD3A24BD-351B-45BB-A4EA-7424CFF8EAA6}"
EndProject
Project("{2150E333-8FDC-42A3-9474-1A3956D46DE8}") = "CaseNotMasteringExternalData", "CaseNotMasteringExternalData", "{2624063F-A1A5-48F3-B1BC-CDB1CE252FF6}"
EndProject
Project("{9A19103F-16F7-4668-BE54-9A1E7A4F7556}") = "ExternalLib", "CaseNotMasteringExternalData\ExternalLib\ExternalLib.csproj", "{9E9FCF31-156D-4493-B17C-51790F749F3B}"
EndProject
Project("{9A19103F-16F7-4668-BE54-9A1E7A4F7556}") = "MyApplication", "CaseNotMasteringExternalData\MyApplication\MyApplication.csproj", "{235BDDC6-7FE1-4FE4-9501-645E9FA9BE33}"
EndProject
Project("{FAE04EC0-301F-11D3-BF4B-00C04F79EFBC}") = "MyApplication.Tests", "CaseNotMasteringExternalData\MyApplication.Tests\MyApplication.Tests.csproj", "{03122384-4A9B-470B-B96E-D6D8475848F4}"
EndProject
Global
	GlobalSection(SolutionConfigurationPlatforms) = preSolution
		Debug|Any CPU = Debug|Any CPU
		Release|Any CPU = Release|Any CPU
	EndGlobalSection
	GlobalSection(ProjectConfigurationPlatforms) = postSolution
		{DD3A24BD-351B-45BB-A4EA-7424CFF8EAA6}.Debug|Any CPU.ActiveCfg = Debug|Any CPU
		{DD3A24BD-351B-45BB-A4EA-7424CFF8EAA6}.Debug|Any CPU.Build.0 = Debug|Any CPU
		{DD3A24BD-351B-45BB-A4EA-7424CFF8EAA6}.Release|Any CPU.ActiveCfg = Release|Any CPU
		{DD3A24BD-351B-45BB-A4EA-7424CFF8EAA6}.Release|Any CPU.Build.0 = Release|Any CPU
		{9E9FCF31-156D-4493-B17C-51790F749F3B}.Debug|Any CPU.ActiveCfg = Debug|Any CPU
		{9E9FCF31-156D-4493-B17C-51790F749F3B}.Debug|Any CPU.Build.0 = Debug|Any CPU
		{9E9FCF31-156D-4493-B17C-51790F749F3B}.Release|Any CPU.ActiveCfg = Release|Any CPU
		{9E9FCF31-156D-4493-B17C-51790F749F3B}.Release|Any CPU.Build.0 = Release|Any CPU
		{235BDDC6-7FE1-4FE4-9501-645E9FA9BE33}.Debug|Any CPU.ActiveCfg = Debug|Any CPU
		{235BDDC6-7FE1-4FE4-9501-645E9FA9BE33}.Debug|Any CPU.Build.0 = Debug|Any CPU
		{235BDDC6-7FE1-4FE4-9501-645E9FA9BE33}.Release|Any CPU.ActiveCfg = Release|Any CPU
		{235BDDC6-7FE1-4FE4-9501-645E9FA9BE33}.Release|Any CPU.Build.0 = Release|Any CPU
		{03122384-4A9B-470B-B96E-D6D8475848F4}.Debug|Any CPU.ActiveCfg = Debug|Any CPU
		{03122384-4A9B-470B-B96E-D6D8475848F4}.Debug|Any CPU.Build.0 = Debug|Any CPU
		{03122384-4A9B-470B-B96E-D6D8475848F4}.Release|Any CPU.ActiveCfg = Release|Any CPU
		{03122384-4A9B-470B-B96E-D6D8475848F4}.Release|Any CPU.Build.0 = Release|Any CPU
	EndGlobalSection
	GlobalSection(SolutionProperties) = preSolution
		HideSolutionNode = FALSE
	EndGlobalSection
	GlobalSection(NestedProjects) = preSolution
		{9E9FCF31-156D-4493-B17C-51790F749F3B} = {2624063F-A1A5-48F3-B1BC-CDB1CE252FF6}
		{235BDDC6-7FE1-4FE4-9501-645E9FA9BE33} = {2624063F-A1A5-48F3-B1BC-CDB1CE252FF6}
		{03122384-4A9B-470B-B96E-D6D8475848F4} = {2624063F-A1A5-48F3-B1BC-CDB1CE252FF6}
	EndGlobalSection
	GlobalSection(ExtensibilityGlobals) = postSolution
		SolutionGuid = {002EEAD0-F317-4A24-9023-47623A422D90}
	EndGlobalSection
EndGlobal
